# This file was autogenerated by Stack.
# You should not edit this file by hand.
# For more information, please see the documentation at:
#   https://docs.haskellstack.org/en/stable/lock_files

packages:
- completed:
    hackage: timers-updatable-0.2.0.2@sha256:8dc262bb1324c02eae4251f2b0f78109d1a6133754d5ae845778908abda43858,946
    pantry-tree:
      sha256: 54f276f79be8ffff4aa0d3b290e3d9b3ebbb0feb5a2ec889a413ce92d235d042
      size: 295
  original:
    hackage: timers-updatable-0.2.0.2
- completed:
    commit: 445f791e35ddc8098f05879dbcd07c41b115cb39
    git: https://github.com/winterland1989/word24
    name: word24
    pantry-tree:
      sha256: e15be9bd109d3bf4f603b811a92b04776231473de10cbb69aed8e9e5827698f9
      size: 758
    version: 2.0.1
  original:
    commit: 445f791e35ddc8098f05879dbcd07c41b115cb39
    git: https://github.com/winterland1989/word24
- completed:
    hackage: word-compat-0.0.2@sha256:c881977321de67d6f1d0cafe805e66d771a6e0614cafaa2104391f44cf4afd21,1202
    pantry-tree:
      sha256: afdbe0c854e71d5f5f5cdd9a8e87325ec12687f60a28e585141ab0cf4149dd35
      size: 239
  original:
    hackage: word-compat-0.0.2
snapshots:
- completed:
    sha256: fc39d8afc97531d53d87b10abdef593bce503c0c1e46c2e9a84ebcbc78bf8470
    size: 648432
    url: https://raw.githubusercontent.com/commercialhaskell/stackage-snapshots/master/lts/20/2.yaml
  original: lts-20.2
