# This file was autogenerated by Stack.
# You should not edit this file by hand.
# For more information, please see the documentation at:
#   https://docs.haskellstack.org/en/stable/lock_files

packages:
- completed:
    hackage: attoparsec-data-1.0.4.1@sha256:7d9225f77efab0ddb4b9b14b7d0e745993e4735fdab81c7222eb16dfe47a1a01,1518
    pantry-tree:
      size: 451
      sha256: 5ce86aa596c5c4cd779b74a8a99a4a8ddd5b7aae8fcad940d47e9e7a82421809
  original:
    hackage: attoparsec-data-1.0.4.1
- completed:
    hackage: closed-0.2.0.1@sha256:5c0203f70b66b3b59c37c4ecc223949bcc3918050d4aa6efe9e5bc3bd3e48dda,1463
    pantry-tree:
      size: 279
      sha256: b6688ab7e3cf2693c74ffa15b537b33d2a69e7bb765a3cee1b525041e285f4a6
  original:
    hackage: closed-0.2.0.1
- completed:
    hackage: attoparsec-time-1@sha256:50d4c4fb080037721dc37e02f93d49a0e44c26408e46ac3e8e04683f0adbcc09,2160
    pantry-tree:
      size: 590
      sha256: d91330c732102e5f74692b4d3a5e699d07c411a3e26193b692aad0cde3c37173
  original:
    hackage: attoparsec-time-1
- completed:
    hackage: bytestring-to-vector-0.3.0.1@sha256:fb902424b3fdcc31a4b37b9071a5fa224c07f044df8b411fa1a5c2373ff30d7f,1689
    pantry-tree:
      size: 445
      sha256: c43b610cdf84a7e7956a038496401274b8f25773847d463d83c65caba6add23e
  original:
    hackage: bytestring-to-vector-0.3.0.1
- completed:
    hackage: fltkhs-0.8.0.2@sha256:9b253dcf27081a029e677f50c0b1036a8455ff56fd01ae9fa585b4a8e9bb93e6,14196
    pantry-tree:
      size: 35008
      sha256: 86c7f65ce86f67089801bed53fa79a55ffe6f584a578bd17baff56de78f85c62
  original:
    hackage: fltkhs-0.8.0.2
- completed:
    hackage: hw-prim-bits-0.1.0.4@sha256:623722c529839676825deec78c13164a91b73bacd3e7b99a5afe2af81811f185,2147
    pantry-tree:
      size: 756
      sha256: d655fbf400015288db3e3697574e501434f0a2fda6bdc4b0cc082cda67aa4c4a
  original:
    hackage: hw-prim-bits-0.1.0.4
- completed:
    size: 15914
    url: https://github.com/oswald2/Chart-fltkhs/archive/15bad77c770de1e17b70a2a73344cdef7d051659.tar.gz
    cabal-file:
      size: 15818
      sha256: 675a57b9ccdbb0b92d697137683845e848e4f89e3fe0e4b304878a3be695ca77
    name: Chart-fltkhs
    version: 0.1.0.3
    sha256: 99ec34ef313bd41afafa8594255eb429485a223f90d0c1f795f40429eb3b0758
    pantry-tree:
      size: 1112
      sha256: ab09855f1b6782e708dffa5f1c0e5e757e74e66a00a812352f6cd1d793fc53d2
  original:
    url: https://github.com/oswald2/Chart-fltkhs/archive/15bad77c770de1e17b70a2a73344cdef7d051659.tar.gz
snapshots:
- completed:
    size: 524786
    url: https://raw.githubusercontent.com/commercialhaskell/stackage-snapshots/master/lts/14/11.yaml
    sha256: 088bb91b545839510a41ae92fa5feb36779ef3529571a42bd12b9f51eb89ded3
  original: lts-14.27
