# This file was autogenerated by Stack.
# You should not edit this file by hand.
# For more information, please see the documentation at:
#   https://docs.haskellstack.org/en/stable/lock_files

packages:
- completed:
    hackage: attoparsec-data-1.0.4.1@sha256:7d9225f77efab0ddb4b9b14b7d0e745993e4735fdab81c7222eb16dfe47a1a01,1518
    pantry-tree:
      size: 451
      sha256: 5ce86aa596c5c4cd779b74a8a99a4a8ddd5b7aae8fcad940d47e9e7a82421809
  original:
    hackage: attoparsec-data-1.0.4.1
- completed:
    hackage: closed-0.2.0.1@sha256:5c0203f70b66b3b59c37c4ecc223949bcc3918050d4aa6efe9e5bc3bd3e48dda,1463
    pantry-tree:
      size: 279
      sha256: b6688ab7e3cf2693c74ffa15b537b33d2a69e7bb765a3cee1b525041e285f4a6
  original:
    hackage: closed-0.2.0.1
- completed:
    hackage: attoparsec-time-1@sha256:50d4c4fb080037721dc37e02f93d49a0e44c26408e46ac3e8e04683f0adbcc09,2160
    pantry-tree:
      size: 590
      sha256: d91330c732102e5f74692b4d3a5e699d07c411a3e26193b692aad0cde3c37173
  original:
    hackage: attoparsec-time-1
- completed:
    hackage: bytestring-to-vector-0.3.0.1@sha256:fb902424b3fdcc31a4b37b9071a5fa224c07f044df8b411fa1a5c2373ff30d7f,1689
    pantry-tree:
      size: 445
      sha256: c43b610cdf84a7e7956a038496401274b8f25773847d463d83c65caba6add23e
  original:
    hackage: bytestring-to-vector-0.3.0.1
- completed:
    hackage: hw-prim-bits-0.1.0.4@sha256:623722c529839676825deec78c13164a91b73bacd3e7b99a5afe2af81811f185,2147
    pantry-tree:
      size: 756
      sha256: d655fbf400015288db3e3697574e501434f0a2fda6bdc4b0cc082cda67aa4c4a
  original:
    hackage: hw-prim-bits-0.1.0.4
- completed:
    hackage: timers-updatable-0.2.0.2@sha256:8dc262bb1324c02eae4251f2b0f78109d1a6133754d5ae845778908abda43858,946
    pantry-tree:
      size: 295
      sha256: 54f276f79be8ffff4aa0d3b290e3d9b3ebbb0feb5a2ec889a413ce92d235d042
  original:
    hackage: timers-updatable-0.2.0.2
- completed:
    hackage: direct-sqlite-2.3.26@sha256:04e835402f1508abca383182023e4e2b9b86297b8533afbd4e57d1a5652e0c23,3718
    pantry-tree:
      size: 770
      sha256: 11874ab21e10c5b54cd1e02a037b677dc1e2ee9986f38c599612c56654dc01c3
  original:
    hackage: direct-sqlite-2.3.26
- completed:
    hackage: Chart-cairo-1.9.3@sha256:f484a7194ca08ed67f02aa626e2f8f4d1a9b50624e0d50e3ced62958f7481cca,925
    pantry-tree:
      size: 238
      sha256: 585b99e27718747d3c9a46bf46625774a06d102f77bf9fe8384d278914068ec7
  original:
    hackage: Chart-cairo-1.9.3@sha256:f484a7194ca08ed67f02aa626e2f8f4d1a9b50624e0d50e3ced62958f7481cca,925
snapshots:
- completed:
    size: 555280
    url: https://raw.githubusercontent.com/commercialhaskell/stackage-snapshots/master/nightly/2020/12/4.yaml
    sha256: 3c2d0d136b9b027091f50c28b0e6fa4e0ce780ac7b3a5982c3661f77eff5dd8e
  original: lts-17.4
